
Microsoft Visual Studio Solution File, Format Version 12.00
# Visual Studio 15
VisualStudioVersion = 15.0.28307.438
MinimumVisualStudioVersion = 10.0.40219.1
Project("{FAE04EC0-301F-11D3-BF4B-00C04F79EFBC}") = "VendingMachine", "VendingMachine\VendingMachine.csproj", "{61B945C8-4572-4B74-B378-2892E308D1B4}"
EndProject
Project("{FAE04EC0-301F-11D3-BF4B-00C04F79EFBC}") = "TrafficLights", "TrafficLights\TrafficLights.csproj", "{D83E2AF9-4E3E-4C71-BC30-BE197F4CC899}"
EndProject
Project("{FAE04EC0-301F-11D3-BF4B-00C04F79EFBC}") = "Speaker", "Speaker\Speaker.csproj", "{9B079A4D-A741-4D30-B6C1-6D6039B89119}"
EndProject
Global
	GlobalSection(SolutionConfigurationPlatforms) = preSolution
		Debug|Any CPU = Debug|Any CPU
		Release|Any CPU = Release|Any CPU
	EndGlobalSection
	GlobalSection(ProjectConfigurationPlatforms) = postSolution
		{61B945C8-4572-4B74-B378-2892E308D1B4}.Debug|Any CPU.ActiveCfg = Debug|Any CPU
		{61B945C8-4572-4B74-B378-2892E308D1B4}.Debug|Any CPU.Build.0 = Debug|Any CPU
		{61B945C8-4572-4B74-B378-2892E308D1B4}.Release|Any CPU.ActiveCfg = Release|Any CPU
		{61B945C8-4572-4B74-B378-2892E308D1B4}.Release|Any CPU.Build.0 = Release|Any CPU
		{D83E2AF9-4E3E-4C71-BC30-BE197F4CC899}.Debug|Any CPU.ActiveCfg = Debug|Any CPU
		{D83E2AF9-4E3E-4C71-BC30-BE197F4CC899}.Debug|Any CPU.Build.0 = Debug|Any CPU
		{D83E2AF9-4E3E-4C71-BC30-BE197F4CC899}.Release|Any CPU.ActiveCfg = Release|Any CPU
		{D83E2AF9-4E3E-4C71-BC30-BE197F4CC899}.Release|Any CPU.Build.0 = Release|Any CPU
		{9B079A4D-A741-4D30-B6C1-6D6039B89119}.Debug|Any CPU.ActiveCfg = Debug|Any CPU
		{9B079A4D-A741-4D30-B6C1-6D6039B89119}.Debug|Any CPU.Build.0 = Debug|Any CPU
		{9B079A4D-A741-4D30-B6C1-6D6039B89119}.Release|Any CPU.ActiveCfg = Release|Any CPU
		{9B079A4D-A741-4D30-B6C1-6D6039B89119}.Release|Any CPU.Build.0 = Release|Any CPU
	EndGlobalSection
	GlobalSection(SolutionProperties) = preSolution
		HideSolutionNode = FALSE
	EndGlobalSection
	GlobalSection(ExtensibilityGlobals) = postSolution
		SolutionGuid = {171074D0-A13B-4092-AE02-2201B23FC455}
	EndGlobalSection
EndGlobal
